
Microsoft Visual Studio Solution File, Format Version 12.00
# Visual Studio Version 17
VisualStudioVersion = 17.1.32228.430
MinimumVisualStudioVersion = 15.0.26124.0
Project("{9A19103F-16F7-4668-BE54-9A1E7A4F7556}") = "Missao.Application", "src\Missao.Application\Missao.Application.csproj", "{800F63EC-F3B4-4441-B7BA-9AB3CBCC60F6}"
EndProject
Global
	GlobalSection(SolutionConfigurationPlatforms) = preSolution
		Debug|Any CPU = Debug|Any CPU
		Release|Any CPU = Release|Any CPU
	EndGlobalSection
	GlobalSection(ProjectConfigurationPlatforms) = postSolution
		{800F63EC-F3B4-4441-B7BA-9AB3CBCC60F6}.Debug|Any CPU.ActiveCfg = Debug|Any CPU
		{800F63EC-F3B4-4441-B7BA-9AB3CBCC60F6}.Debug|Any CPU.Build.0 = Debug|Any CPU
		{800F63EC-F3B4-4441-B7BA-9AB3CBCC60F6}.Release|Any CPU.ActiveCfg = Release|Any CPU
		{800F63EC-F3B4-4441-B7BA-9AB3CBCC60F6}.Release|Any CPU.Build.0 = Release|Any CPU
	EndGlobalSection
	GlobalSection(SolutionProperties) = preSolution
		HideSolutionNode = FALSE
	EndGlobalSection
	GlobalSection(ExtensibilityGlobals) = postSolution
		SolutionGuid = {970C2E27-763C-4FE1-809B-4D0573C5E906}
	EndGlobalSection
EndGlobal
